
Microsoft Visual Studio Solution File, Format Version 12.00
# Visual Studio 15
VisualStudioVersion = 15.0.27428.1
MinimumVisualStudioVersion = 10.0.40219.1
Project("{FAE04EC0-301F-11D3-BF4B-00C04F79EFBC}") = "ClientePeatonXamarin.Android", "ClientePeatonXamarin\ClientePeatonXamarin.Android\ClientePeatonXamarin.Android.csproj", "{FC9165B3-2645-45FC-B0EB-9DBD02DD51C9}"
EndProject
Project("{FAE04EC0-301F-11D3-BF4B-00C04F79EFBC}") = "ClientePeatonXamarin.iOS", "ClientePeatonXamarin\ClientePeatonXamarin.iOS\ClientePeatonXamarin.iOS.csproj", "{65BAAE2B-8DAF-4B33-822D-386B6B9E29CE}"
EndProject
Project("{FAE04EC0-301F-11D3-BF4B-00C04F79EFBC}") = "ClientePeatonXamarin.UWP", "ClientePeatonXamarin\ClientePeatonXamarin.UWP\ClientePeatonXamarin.UWP.csproj", "{3322A361-13F6-42D5-A5A3-D1F23959E351}"
EndProject
Project("{9A19103F-16F7-4668-BE54-9A1E7A4F7556}") = "ClientePeatonXamarin", "ClientePeatonXamarin\ClientePeatonXamarin\ClientePeatonXamarin.csproj", "{F2ED1249-45CA-436D-9EFE-00A54126EB3D}"
EndProject
Global
	GlobalSection(SolutionConfigurationPlatforms) = preSolution
		Ad-Hoc|Any CPU = Ad-Hoc|Any CPU
		Ad-Hoc|ARM = Ad-Hoc|ARM
		Ad-Hoc|iPhone = Ad-Hoc|iPhone
		Ad-Hoc|iPhoneSimulator = Ad-Hoc|iPhoneSimulator
		Ad-Hoc|x64 = Ad-Hoc|x64
		Ad-Hoc|x86 = Ad-Hoc|x86
		AppStore|Any CPU = AppStore|Any CPU
		AppStore|ARM = AppStore|ARM
		AppStore|iPhone = AppStore|iPhone
		AppStore|iPhoneSimulator = AppStore|iPhoneSimulator
		AppStore|x64 = AppStore|x64
		AppStore|x86 = AppStore|x86
		Debug|Any CPU = Debug|Any CPU
		Debug|ARM = Debug|ARM
		Debug|iPhone = Debug|iPhone
		Debug|iPhoneSimulator = Debug|iPhoneSimulator
		Debug|x64 = Debug|x64
		Debug|x86 = Debug|x86
		Release|Any CPU = Release|Any CPU
		Release|ARM = Release|ARM
		Release|iPhone = Release|iPhone
		Release|iPhoneSimulator = Release|iPhoneSimulator
		Release|x64 = Release|x64
		Release|x86 = Release|x86
	EndGlobalSection
	GlobalSection(ProjectConfigurationPlatforms) = postSolution
		{FC9165B3-2645-45FC-B0EB-9DBD02DD51C9}.Ad-Hoc|Any CPU.ActiveCfg = Release|Any CPU
		{FC9165B3-2645-45FC-B0EB-9DBD02DD51C9}.Ad-Hoc|Any CPU.Build.0 = Release|Any CPU
		{FC9165B3-2645-45FC-B0EB-9DBD02DD51C9}.Ad-Hoc|Any CPU.Deploy.0 = Release|Any CPU
		{FC9165B3-2645-45FC-B0EB-9DBD02DD51C9}.Ad-Hoc|ARM.ActiveCfg = Release|Any CPU
		{FC9165B3-2645-45FC-B0EB-9DBD02DD51C9}.Ad-Hoc|ARM.Build.0 = Release|Any CPU
		{FC9165B3-2645-45FC-B0EB-9DBD02DD51C9}.Ad-Hoc|ARM.Deploy.0 = Release|Any CPU
		{FC9165B3-2645-45FC-B0EB-9DBD02DD51C9}.Ad-Hoc|iPhone.ActiveCfg = Release|Any CPU
		{FC9165B3-2645-45FC-B0EB-9DBD02DD51C9}.Ad-Hoc|iPhone.Build.0 = Release|Any CPU
		{FC9165B3-2645-45FC-B0EB-9DBD02DD51C9}.Ad-Hoc|iPhone.Deploy.0 = Release|Any CPU
		{FC9165B3-2645-45FC-B0EB-9DBD02DD51C9}.Ad-Hoc|iPhoneSimulator.ActiveCfg = Release|Any CPU
		{FC9165B3-2645-45FC-B0EB-9DBD02DD51C9}.Ad-Hoc|iPhoneSimulator.Build.0 = Release|Any CPU
		{FC9165B3-2645-45FC-B0EB-9DBD02DD51C9}.Ad-Hoc|iPhoneSimulator.Deploy.0 = Release|Any CPU
		{FC9165B3-2645-45FC-B0EB-9DBD02DD51C9}.Ad-Hoc|x64.ActiveCfg = Release|Any CPU
		{FC9165B3-2645-45FC-B0EB-9DBD02DD51C9}.Ad-Hoc|x64.Build.0 = Release|Any CPU
		{FC9165B3-2645-45FC-B0EB-9DBD02DD51C9}.Ad-Hoc|x64.Deploy.0 = Release|Any CPU
		{FC9165B3-2645-45FC-B0EB-9DBD02DD51C9}.Ad-Hoc|x86.ActiveCfg = Release|Any CPU
		{FC9165B3-2645-45FC-B0EB-9DBD02DD51C9}.Ad-Hoc|x86.Build.0 = Release|Any CPU
		{FC9165B3-2645-45FC-B0EB-9DBD02DD51C9}.Ad-Hoc|x86.Deploy.0 = Release|Any CPU
		{FC9165B3-2645-45FC-B0EB-9DBD02DD51C9}.AppStore|Any CPU.ActiveCfg = Release|Any CPU
		{FC9165B3-2645-45FC-B0EB-9DBD02DD51C9}.AppStore|Any CPU.Build.0 = Release|Any CPU
		{FC9165B3-2645-45FC-B0EB-9DBD02DD51C9}.AppStore|Any CPU.Deploy.0 = Release|Any CPU
		{FC9165B3-2645-45FC-B0EB-9DBD02DD51C9}.AppStore|ARM.ActiveCfg = Release|Any CPU
		{FC9165B3-2645-45FC-B0EB-9DBD02DD51C9}.AppStore|ARM.Build.0 = Release|Any CPU
		{FC9165B3-2645-45FC-B0EB-9DBD02DD51C9}.AppStore|ARM.Deploy.0 = Release|Any CPU
		{FC9165B3-2645-45FC-B0EB-9DBD02DD51C9}.AppStore|iPhone.ActiveCfg = Release|Any CPU
		{FC9165B3-2645-45FC-B0EB-9DBD02DD51C9}.AppStore|iPhone.Build.0 = Release|Any CPU
		{FC9165B3-2645-45FC-B0EB-9DBD02DD51C9}.AppStore|iPhone.Deploy.0 = Release|Any CPU
		{FC9165B3-2645-45FC-B0EB-9DBD02DD51C9}.AppStore|iPhoneSimulator.ActiveCfg = Release|Any CPU
		{FC9165B3-2645-45FC-B0EB-9DBD02DD51C9}.AppStore|iPhoneSimulator.Build.0 = Release|Any CPU
		{FC9165B3-2645-45FC-B0EB-9DBD02DD51C9}.AppStore|iPhoneSimulator.Deploy.0 = Release|Any CPU
		{FC9165B3-2645-45FC-B0EB-9DBD02DD51C9}.AppStore|x64.ActiveCfg = Release|Any CPU
		{FC9165B3-2645-45FC-B0EB-9DBD02DD51C9}.AppStore|x64.Build.0 = Release|Any CPU
		{FC9165B3-2645-45FC-B0EB-9DBD02DD51C9}.AppStore|x64.Deploy.0 = Release|Any CPU
		{FC9165B3-2645-45FC-B0EB-9DBD02DD51C9}.AppStore|x86.ActiveCfg = Release|Any CPU
		{FC9165B3-2645-45FC-B0EB-9DBD02DD51C9}.AppStore|x86.Build.0 = Release|Any CPU
		{FC9165B3-2645-45FC-B0EB-9DBD02DD51C9}.AppStore|x86.Deploy.0 = Release|Any CPU
		{FC9165B3-2645-45FC-B0EB-9DBD02DD51C9}.Debug|Any CPU.ActiveCfg = Debug|Any CPU
		{FC9165B3-2645-45FC-B0EB-9DBD02DD51C9}.Debug|Any CPU.Build.0 = Debug|Any CPU
		{FC9165B3-2645-45FC-B0EB-9DBD02DD51C9}.Debug|Any CPU.Deploy.0 = Debug|Any CPU
		{FC9165B3-2645-45FC-B0EB-9DBD02DD51C9}.Debug|ARM.ActiveCfg = Debug|Any CPU
		{FC9165B3-2645-45FC-B0EB-9DBD02DD51C9}.Debug|ARM.Build.0 = Debug|Any CPU
		{FC9165B3-2645-45FC-B0EB-9DBD02DD51C9}.Debug|ARM.Deploy.0 = Debug|Any CPU
		{FC9165B3-2645-45FC-B0EB-9DBD02DD51C9}.Debug|iPhone.ActiveCfg = Debug|Any CPU
		{FC9165B3-2645-45FC-B0EB-9DBD02DD51C9}.Debug|iPhone.Build.0 = Debug|Any CPU
		{FC9165B3-2645-45FC-B0EB-9DBD02DD51C9}.Debug|iPhone.Deploy.0 = Debug|Any CPU
		{FC9165B3-2645-45FC-B0EB-9DBD02DD51C9}.Debug|iPhoneSimulator.ActiveCfg = Debug|Any CPU
		{FC9165B3-2645-45FC-B0EB-9DBD02DD51C9}.Debug|iPhoneSimulator.Build.0 = Debug|Any CPU
		{FC9165B3-2645-45FC-B0EB-9DBD02DD51C9}.Debug|iPhoneSimulator.Deploy.0 = Debug|Any CPU
		{FC9165B3-2645-45FC-B0EB-9DBD02DD51C9}.Debug|x64.ActiveCfg = Debug|Any CPU
		{FC9165B3-2645-45FC-B0EB-9DBD02DD51C9}.Debug|x64.Build.0 = Debug|Any CPU
		{FC9165B3-2645-45FC-B0EB-9DBD02DD51C9}.Debug|x64.Deploy.0 = Debug|Any CPU
		{FC9165B3-2645-45FC-B0EB-9DBD02DD51C9}.Debug|x86.ActiveCfg = Debug|Any CPU
		{FC9165B3-2645-45FC-B0EB-9DBD02DD51C9}.Debug|x86.Build.0 = Debug|Any CPU
		{FC9165B3-2645-45FC-B0EB-9DBD02DD51C9}.Debug|x86.Deploy.0 = Debug|Any CPU
		{FC9165B3-2645-45FC-B0EB-9DBD02DD51C9}.Release|Any CPU.ActiveCfg = Release|Any CPU
		{FC9165B3-2645-45FC-B0EB-9DBD02DD51C9}.Release|Any CPU.Build.0 = Release|Any CPU
		{FC9165B3-2645-45FC-B0EB-9DBD02DD51C9}.Release|Any CPU.Deploy.0 = Release|Any CPU
		{FC9165B3-2645-45FC-B0EB-9DBD02DD51C9}.Release|ARM.ActiveCfg = Release|Any CPU
		{FC9165B3-2645-45FC-B0EB-9DBD02DD51C9}.Release|ARM.Build.0 = Release|Any CPU
		{FC9165B3-2645-45FC-B0EB-9DBD02DD51C9}.Release|ARM.Deploy.0 = Release|Any CPU
		{FC9165B3-2645-45FC-B0EB-9DBD02DD51C9}.Release|iPhone.ActiveCfg = Release|Any CPU
		{FC9165B3-2645-45FC-B0EB-9DBD02DD51C9}.Release|iPhone.Build.0 = Release|Any CPU
		{FC9165B3-2645-45FC-B0EB-9DBD02DD51C9}.Release|iPhone.Deploy.0 = Release|Any CPU
		{FC9165B3-2645-45FC-B0EB-9DBD02DD51C9}.Release|iPhoneSimulator.ActiveCfg = Release|Any CPU
		{FC9165B3-2645-45FC-B0EB-9DBD02DD51C9}.Release|iPhoneSimulator.Build.0 = Release|Any CPU
		{FC9165B3-2645-45FC-B0EB-9DBD02DD51C9}.Release|iPhoneSimulator.Deploy.0 = Release|Any CPU
		{FC9165B3-2645-45FC-B0EB-9DBD02DD51C9}.Release|x64.ActiveCfg = Release|Any CPU
		{FC9165B3-2645-45FC-B0EB-9DBD02DD51C9}.Release|x64.Build.0 = Release|Any CPU
		{FC9165B3-2645-45FC-B0EB-9DBD02DD51C9}.Release|x64.Deploy.0 = Release|Any CPU
		{FC9165B3-2645-45FC-B0EB-9DBD02DD51C9}.Release|x86.ActiveCfg = Release|Any CPU
		{FC9165B3-2645-45FC-B0EB-9DBD02DD51C9}.Release|x86.Build.0 = Release|Any CPU
		{FC9165B3-2645-45FC-B0EB-9DBD02DD51C9}.Release|x86.Deploy.0 = Release|Any CPU
		{65BAAE2B-8DAF-4B33-822D-386B6B9E29CE}.Ad-Hoc|Any CPU.ActiveCfg = Ad-Hoc|iPhone
		{65BAAE2B-8DAF-4B33-822D-386B6B9E29CE}.Ad-Hoc|ARM.ActiveCfg = Ad-Hoc|iPhone
		{65BAAE2B-8DAF-4B33-822D-386B6B9E29CE}.Ad-Hoc|iPhone.ActiveCfg = Ad-Hoc|iPhone
		{65BAAE2B-8DAF-4B33-822D-386B6B9E29CE}.Ad-Hoc|iPhone.Build.0 = Ad-Hoc|iPhone
		{65BAAE2B-8DAF-4B33-822D-386B6B9E29CE}.Ad-Hoc|iPhoneSimulator.ActiveCfg = Ad-Hoc|iPhoneSimulator
		{65BAAE2B-8DAF-4B33-822D-386B6B9E29CE}.Ad-Hoc|iPhoneSimulator.Build.0 = Ad-Hoc|iPhoneSimulator
		{65BAAE2B-8DAF-4B33-822D-386B6B9E29CE}.Ad-Hoc|x64.ActiveCfg = Ad-Hoc|iPhone
		{65BAAE2B-8DAF-4B33-822D-386B6B9E29CE}.Ad-Hoc|x86.ActiveCfg = Ad-Hoc|iPhone
		{65BAAE2B-8DAF-4B33-822D-386B6B9E29CE}.AppStore|Any CPU.ActiveCfg = AppStore|iPhone
		{65BAAE2B-8DAF-4B33-822D-386B6B9E29CE}.AppStore|ARM.ActiveCfg = AppStore|iPhone
		{65BAAE2B-8DAF-4B33-822D-386B6B9E29CE}.AppStore|iPhone.ActiveCfg = AppStore|iPhone
		{65BAAE2B-8DAF-4B33-822D-386B6B9E29CE}.AppStore|iPhone.Build.0 = AppStore|iPhone
		{65BAAE2B-8DAF-4B33-822D-386B6B9E29CE}.AppStore|iPhoneSimulator.ActiveCfg = AppStore|iPhoneSimulator
		{65BAAE2B-8DAF-4B33-822D-386B6B9E29CE}.AppStore|iPhoneSimulator.Build.0 = AppStore|iPhoneSimulator
		{65BAAE2B-8DAF-4B33-822D-386B6B9E29CE}.AppStore|x64.ActiveCfg = AppStore|iPhone
		{65BAAE2B-8DAF-4B33-822D-386B6B9E29CE}.AppStore|x86.ActiveCfg = AppStore|iPhone
		{65BAAE2B-8DAF-4B33-822D-386B6B9E29CE}.Debug|Any CPU.ActiveCfg = Debug|iPhone
		{65BAAE2B-8DAF-4B33-822D-386B6B9E29CE}.Debug|ARM.ActiveCfg = Debug|iPhone
		{65BAAE2B-8DAF-4B33-822D-386B6B9E29CE}.Debug|iPhone.ActiveCfg = Debug|iPhone
		{65BAAE2B-8DAF-4B33-822D-386B6B9E29CE}.Debug|iPhone.Build.0 = Debug|iPhone
		{65BAAE2B-8DAF-4B33-822D-386B6B9E29CE}.Debug|iPhoneSimulator.ActiveCfg = Debug|iPhoneSimulator
		{65BAAE2B-8DAF-4B33-822D-386B6B9E29CE}.Debug|iPhoneSimulator.Build.0 = Debug|iPhoneSimulator
		{65BAAE2B-8DAF-4B33-822D-386B6B9E29CE}.Debug|x64.ActiveCfg = Debug|iPhone
		{65BAAE2B-8DAF-4B33-822D-386B6B9E29CE}.Debug|x86.ActiveCfg = Debug|iPhone
		{65BAAE2B-8DAF-4B33-822D-386B6B9E29CE}.Release|Any CPU.ActiveCfg = Release|iPhone
		{65BAAE2B-8DAF-4B33-822D-386B6B9E29CE}.Release|ARM.ActiveCfg = Release|iPhone
		{65BAAE2B-8DAF-4B33-822D-386B6B9E29CE}.Release|iPhone.ActiveCfg = Release|iPhone
		{65BAAE2B-8DAF-4B33-822D-386B6B9E29CE}.Release|iPhone.Build.0 = Release|iPhone
		{65BAAE2B-8DAF-4B33-822D-386B6B9E29CE}.Release|iPhoneSimulator.ActiveCfg = Release|iPhoneSimulator
		{65BAAE2B-8DAF-4B33-822D-386B6B9E29CE}.Release|iPhoneSimulator.Build.0 = Release|iPhoneSimulator
		{65BAAE2B-8DAF-4B33-822D-386B6B9E29CE}.Release|x64.ActiveCfg = Release|iPhone
		{65BAAE2B-8DAF-4B33-822D-386B6B9E29CE}.Release|x86.ActiveCfg = Release|iPhone
		{3322A361-13F6-42D5-A5A3-D1F23959E351}.Ad-Hoc|Any CPU.ActiveCfg = Release|x86
		{3322A361-13F6-42D5-A5A3-D1F23959E351}.Ad-Hoc|Any CPU.Build.0 = Release|x86
		{3322A361-13F6-42D5-A5A3-D1F23959E351}.Ad-Hoc|Any CPU.Deploy.0 = Release|x86
		{3322A361-13F6-42D5-A5A3-D1F23959E351}.Ad-Hoc|ARM.ActiveCfg = Release|ARM
		{3322A361-13F6-42D5-A5A3-D1F23959E351}.Ad-Hoc|ARM.Build.0 = Release|ARM
		{3322A361-13F6-42D5-A5A3-D1F23959E351}.Ad-Hoc|ARM.Deploy.0 = Release|ARM
		{3322A361-13F6-42D5-A5A3-D1F23959E351}.Ad-Hoc|iPhone.ActiveCfg = Release|x86
		{3322A361-13F6-42D5-A5A3-D1F23959E351}.Ad-Hoc|iPhone.Build.0 = Release|x86
		{3322A361-13F6-42D5-A5A3-D1F23959E351}.Ad-Hoc|iPhone.Deploy.0 = Release|x86
		{3322A361-13F6-42D5-A5A3-D1F23959E351}.Ad-Hoc|iPhoneSimulator.ActiveCfg = Release|x86
		{3322A361-13F6-42D5-A5A3-D1F23959E351}.Ad-Hoc|iPhoneSimulator.Build.0 = Release|x86
		{3322A361-13F6-42D5-A5A3-D1F23959E351}.Ad-Hoc|iPhoneSimulator.Deploy.0 = Release|x86
		{3322A361-13F6-42D5-A5A3-D1F23959E351}.Ad-Hoc|x64.ActiveCfg = Release|x64
		{3322A361-13F6-42D5-A5A3-D1F23959E351}.Ad-Hoc|x64.Build.0 = Release|x64
		{3322A361-13F6-42D5-A5A3-D1F23959E351}.Ad-Hoc|x64.Deploy.0 = Release|x64
		{3322A361-13F6-42D5-A5A3-D1F23959E351}.Ad-Hoc|x86.ActiveCfg = Release|x86
		{3322A361-13F6-42D5-A5A3-D1F23959E351}.Ad-Hoc|x86.Build.0 = Release|x86
		{3322A361-13F6-42D5-A5A3-D1F23959E351}.Ad-Hoc|x86.Deploy.0 = Release|x86
		{3322A361-13F6-42D5-A5A3-D1F23959E351}.AppStore|Any CPU.ActiveCfg = Release|x86
		{3322A361-13F6-42D5-A5A3-D1F23959E351}.AppStore|Any CPU.Build.0 = Release|x86
		{3322A361-13F6-42D5-A5A3-D1F23959E351}.AppStore|Any CPU.Deploy.0 = Release|x86
		{3322A361-13F6-42D5-A5A3-D1F23959E351}.AppStore|ARM.ActiveCfg = Release|ARM
		{3322A361-13F6-42D5-A5A3-D1F23959E351}.AppStore|ARM.Build.0 = Release|ARM
		{3322A361-13F6-42D5-A5A3-D1F23959E351}.AppStore|ARM.Deploy.0 = Release|ARM
		{3322A361-13F6-42D5-A5A3-D1F23959E351}.AppStore|iPhone.ActiveCfg = Release|x86
		{3322A361-13F6-42D5-A5A3-D1F23959E351}.AppStore|iPhone.Build.0 = Release|x86
		{3322A361-13F6-42D5-A5A3-D1F23959E351}.AppStore|iPhone.Deploy.0 = Release|x86
		{3322A361-13F6-42D5-A5A3-D1F23959E351}.AppStore|iPhoneSimulator.ActiveCfg = Release|x86
		{3322A361-13F6-42D5-A5A3-D1F23959E351}.AppStore|iPhoneSimulator.Build.0 = Release|x86
		{3322A361-13F6-42D5-A5A3-D1F23959E351}.AppStore|iPhoneSimulator.Deploy.0 = Release|x86
		{3322A361-13F6-42D5-A5A3-D1F23959E351}.AppStore|x64.ActiveCfg = Release|x64
		{3322A361-13F6-42D5-A5A3-D1F23959E351}.AppStore|x64.Build.0 = Release|x64
		{3322A361-13F6-42D5-A5A3-D1F23959E351}.AppStore|x64.Deploy.0 = Release|x64
		{3322A361-13F6-42D5-A5A3-D1F23959E351}.AppStore|x86.ActiveCfg = Release|x86
		{3322A361-13F6-42D5-A5A3-D1F23959E351}.AppStore|x86.Build.0 = Release|x86
		{3322A361-13F6-42D5-A5A3-D1F23959E351}.AppStore|x86.Deploy.0 = Release|x86
		{3322A361-13F6-42D5-A5A3-D1F23959E351}.Debug|Any CPU.ActiveCfg = Debug|x86
		{3322A361-13F6-42D5-A5A3-D1F23959E351}.Debug|ARM.ActiveCfg = Debug|ARM
		{3322A361-13F6-42D5-A5A3-D1F23959E351}.Debug|ARM.Build.0 = Debug|ARM
		{3322A361-13F6-42D5-A5A3-D1F23959E351}.Debug|ARM.Deploy.0 = Debug|ARM
		{3322A361-13F6-42D5-A5A3-D1F23959E351}.Debug|iPhone.ActiveCfg = Debug|x86
		{3322A361-13F6-42D5-A5A3-D1F23959E351}.Debug|iPhoneSimulator.ActiveCfg = Debug|x86
		{3322A361-13F6-42D5-A5A3-D1F23959E351}.Debug|x64.ActiveCfg = Debug|x64
		{3322A361-13F6-42D5-A5A3-D1F23959E351}.Debug|x64.Build.0 = Debug|x64
		{3322A361-13F6-42D5-A5A3-D1F23959E351}.Debug|x64.Deploy.0 = Debug|x64
		{3322A361-13F6-42D5-A5A3-D1F23959E351}.Debug|x86.ActiveCfg = Debug|x86
		{3322A361-13F6-42D5-A5A3-D1F23959E351}.Debug|x86.Build.0 = Debug|x86
		{3322A361-13F6-42D5-A5A3-D1F23959E351}.Debug|x86.Deploy.0 = Debug|x86
		{3322A361-13F6-42D5-A5A3-D1F23959E351}.Release|Any CPU.ActiveCfg = Release|x86
		{3322A361-13F6-42D5-A5A3-D1F23959E351}.Release|ARM.ActiveCfg = Release|ARM
		{3322A361-13F6-42D5-A5A3-D1F23959E351}.Release|ARM.Build.0 = Release|ARM
		{3322A361-13F6-42D5-A5A3-D1F23959E351}.Release|ARM.Deploy.0 = Release|ARM
		{3322A361-13F6-42D5-A5A3-D1F23959E351}.Release|iPhone.ActiveCfg = Release|x86
		{3322A361-13F6-42D5-A5A3-D1F23959E351}.Release|iPhoneSimulator.ActiveCfg = Release|x86
		{3322A361-13F6-42D5-A5A3-D1F23959E351}.Release|x64.ActiveCfg = Release|x64
		{3322A361-13F6-42D5-A5A3-D1F23959E351}.Release|x64.Build.0 = Release|x64
		{3322A361-13F6-42D5-A5A3-D1F23959E351}.Release|x64.Deploy.0 = Release|x64
		{3322A361-13F6-42D5-A5A3-D1F23959E351}.Release|x86.ActiveCfg = Release|x86
		{3322A361-13F6-42D5-A5A3-D1F23959E351}.Release|x86.Build.0 = Release|x86
		{3322A361-13F6-42D5-A5A3-D1F23959E351}.Release|x86.Deploy.0 = Release|x86
		{F2ED1249-45CA-436D-9EFE-00A54126EB3D}.Ad-Hoc|Any CPU.ActiveCfg = Debug|Any CPU
		{F2ED1249-45CA-436D-9EFE-00A54126EB3D}.Ad-Hoc|Any CPU.Build.0 = Debug|Any CPU
		{F2ED1249-45CA-436D-9EFE-00A54126EB3D}.Ad-Hoc|ARM.ActiveCfg = Debug|Any CPU
		{F2ED1249-45CA-436D-9EFE-00A54126EB3D}.Ad-Hoc|ARM.Build.0 = Debug|Any CPU
		{F2ED1249-45CA-436D-9EFE-00A54126EB3D}.Ad-Hoc|iPhone.ActiveCfg = Debug|Any CPU
		{F2ED1249-45CA-436D-9EFE-00A54126EB3D}.Ad-Hoc|iPhone.Build.0 = Debug|Any CPU
		{F2ED1249-45CA-436D-9EFE-00A54126EB3D}.Ad-Hoc|iPhoneSimulator.ActiveCfg = Debug|Any CPU
		{F2ED1249-45CA-436D-9EFE-00A54126EB3D}.Ad-Hoc|iPhoneSimulator.Build.0 = Debug|Any CPU
		{F2ED1249-45CA-436D-9EFE-00A54126EB3D}.Ad-Hoc|x64.ActiveCfg = Debug|Any CPU
		{F2ED1249-45CA-436D-9EFE-00A54126EB3D}.Ad-Hoc|x64.Build.0 = Debug|Any CPU
		{F2ED1249-45CA-436D-9EFE-00A54126EB3D}.Ad-Hoc|x86.ActiveCfg = Debug|Any CPU
		{F2ED1249-45CA-436D-9EFE-00A54126EB3D}.Ad-Hoc|x86.Build.0 = Debug|Any CPU
		{F2ED1249-45CA-436D-9EFE-00A54126EB3D}.AppStore|Any CPU.ActiveCfg = Debug|Any CPU
		{F2ED1249-45CA-436D-9EFE-00A54126EB3D}.AppStore|Any CPU.Build.0 = Debug|Any CPU
		{F2ED1249-45CA-436D-9EFE-00A54126EB3D}.AppStore|ARM.ActiveCfg = Debug|Any CPU
		{F2ED1249-45CA-436D-9EFE-00A54126EB3D}.AppStore|ARM.Build.0 = Debug|Any CPU
		{F2ED1249-45CA-436D-9EFE-00A54126EB3D}.AppStore|iPhone.ActiveCfg = Debug|Any CPU
		{F2ED1249-45CA-436D-9EFE-00A54126EB3D}.AppStore|iPhone.Build.0 = Debug|Any CPU
		{F2ED1249-45CA-436D-9EFE-00A54126EB3D}.AppStore|iPhoneSimulator.ActiveCfg = Debug|Any CPU
		{F2ED1249-45CA-436D-9EFE-00A54126EB3D}.AppStore|iPhoneSimulator.Build.0 = Debug|Any CPU
		{F2ED1249-45CA-436D-9EFE-00A54126EB3D}.AppStore|x64.ActiveCfg = Debug|Any CPU
		{F2ED1249-45CA-436D-9EFE-00A54126EB3D}.AppStore|x64.Build.0 = Debug|Any CPU
		{F2ED1249-45CA-436D-9EFE-00A54126EB3D}.AppStore|x86.ActiveCfg = Debug|Any CPU
		{F2ED1249-45CA-436D-9EFE-00A54126EB3D}.AppStore|x86.Build.0 = Debug|Any CPU
		{F2ED1249-45CA-436D-9EFE-00A54126EB3D}.Debug|Any CPU.ActiveCfg = Debug|Any CPU
		{F2ED1249-45CA-436D-9EFE-00A54126EB3D}.Debug|Any CPU.Build.0 = Debug|Any CPU
		{F2ED1249-45CA-436D-9EFE-00A54126EB3D}.Debug|ARM.ActiveCfg = Debug|Any CPU
		{F2ED1249-45CA-436D-9EFE-00A54126EB3D}.Debug|ARM.Build.0 = Debug|Any CPU
		{F2ED1249-45CA-436D-9EFE-00A54126EB3D}.Debug|iPhone.ActiveCfg = Debug|Any CPU
		{F2ED1249-45CA-436D-9EFE-00A54126EB3D}.Debug|iPhone.Build.0 = Debug|Any CPU
		{F2ED1249-45CA-436D-9EFE-00A54126EB3D}.Debug|iPhoneSimulator.ActiveCfg = Debug|Any CPU
		{F2ED1249-45CA-436D-9EFE-00A54126EB3D}.Debug|iPhoneSimulator.Build.0 = Debug|Any CPU
		{F2ED1249-45CA-436D-9EFE-00A54126EB3D}.Debug|x64.ActiveCfg = Debug|Any CPU
		{F2ED1249-45CA-436D-9EFE-00A54126EB3D}.Debug|x64.Build.0 = Debug|Any CPU
		{F2ED1249-45CA-436D-9EFE-00A54126EB3D}.Debug|x86.ActiveCfg = Debug|Any CPU
		{F2ED1249-45CA-436D-9EFE-00A54126EB3D}.Debug|x86.Build.0 = Debug|Any CPU
		{F2ED1249-45CA-436D-9EFE-00A54126EB3D}.Release|Any CPU.ActiveCfg = Release|Any CPU
		{F2ED1249-45CA-436D-9EFE-00A54126EB3D}.Release|Any CPU.Build.0 = Release|Any CPU
		{F2ED1249-45CA-436D-9EFE-00A54126EB3D}.Release|ARM.ActiveCfg = Release|Any CPU
		{F2ED1249-45CA-436D-9EFE-00A54126EB3D}.Release|ARM.Build.0 = Release|Any CPU
		{F2ED1249-45CA-436D-9EFE-00A54126EB3D}.Release|iPhone.ActiveCfg = Release|Any CPU
		{F2ED1249-45CA-436D-9EFE-00A54126EB3D}.Release|iPhone.Build.0 = Release|Any CPU
		{F2ED1249-45CA-436D-9EFE-00A54126EB3D}.Release|iPhoneSimulator.ActiveCfg = Release|Any CPU
		{F2ED1249-45CA-436D-9EFE-00A54126EB3D}.Release|iPhoneSimulator.Build.0 = Release|Any CPU
		{F2ED1249-45CA-436D-9EFE-00A54126EB3D}.Release|x64.ActiveCfg = Release|Any CPU
		{F2ED1249-45CA-436D-9EFE-00A54126EB3D}.Release|x64.Build.0 = Release|Any CPU
		{F2ED1249-45CA-436D-9EFE-00A54126EB3D}.Release|x86.ActiveCfg = Release|Any CPU
		{F2ED1249-45CA-436D-9EFE-00A54126EB3D}.Release|x86.Build.0 = Release|Any CPU
	EndGlobalSection
	GlobalSection(SolutionProperties) = preSolution
		HideSolutionNode = FALSE
	EndGlobalSection
	GlobalSection(ExtensibilityGlobals) = postSolution
		SolutionGuid = {3BCE122F-ED0D-4E83-AB47-C8DED2AFF0EE}
	EndGlobalSection
EndGlobal
